// !$*UTF8*$!
{
	archiveVersion = 1;
	classes = {
	};
	objectVersion = 46;
	objects = {

/* Begin PBXBuildFile section */
		384DC1AD1A0404A300514DD4 /* AppDelegate.swift in Sources */ = {isa = PBXBuildFile; fileRef = 384DC1AC1A0404A300514DD4 /* AppDelegate.swift */; };
		384DC1AF1A0404A300514DD4 /* ViewController.swift in Sources */ = {isa = PBXBuildFile; fileRef = 384DC1AE1A0404A300514DD4 /* ViewController.swift */; };
		384DC1B21A0404A300514DD4 /* Main.storyboard in Resources */ = {isa = PBXBuildFile; fileRef = 384DC1B01A0404A300514DD4 /* Main.storyboard */; };
		384DC1B41A0404A300514DD4 /* Images.xcassets in Resources */ = {isa = PBXBuildFile; fileRef = 384DC1B31A0404A300514DD4 /* Images.xcassets */; };
		384DC1B71A0404A300514DD4 /* LaunchScreen.xib in Resources */ = {isa = PBXBuildFile; fileRef = 384DC1B51A0404A300514DD4 /* LaunchScreen.xib */; };
		384DC1C31A0404A400514DD4 /* Bag_ReminderTests.swift in Sources */ = {isa = PBXBuildFile; fileRef = 384DC1C21A0404A400514DD4 /* Bag_ReminderTests.swift */; };
		384DC1CD1A04054600514DD4 /* MapKit.framework in Frameworks */ = {isa = PBXBuildFile; fileRef = 384DC1CC1A04054600514DD4 /* MapKit.framework */; };
/* End PBXBuildFile section */

/* Begin PBXContainerItemProxy section */
		384DC1BD1A0404A300514DD4 /* PBXContainerItemProxy */ = {
			isa = PBXContainerItemProxy;
			containerPortal = 384DC19F1A0404A300514DD4 /* Project object */;
			proxyType = 1;
			remoteGlobalIDString = 384DC1A61A0404A300514DD4;
			remoteInfo = "Bag Reminder";
		};
/* End PBXContainerItemProxy section */

/* Begin PBXFileReference section */
		384DC1A71A0404A300514DD4 /* Bag Reminder.app */ = {isa = PBXFileReference; explicitFileType = wrapper.application; includeInIndex = 0; path = "Bag Reminder.app"; sourceTree = BUILT_PRODUCTS_DIR; };
		384DC1AB1A0404A300514DD4 /* Info.plist */ = {isa = PBXFileReference; lastKnownFileType = text.plist.xml; path = Info.plist; sourceTree = "<group>"; };
		384DC1AC1A0404A300514DD4 /* AppDelegate.swift */ = {isa = PBXFileReference; lastKnownFileType = sourcecode.swift; path = AppDelegate.swift; sourceTree = "<group>"; };
		384DC1AE1A0404A300514DD4 /* ViewController.swift */ = {isa = PBXFileReference; lastKnownFileType = sourcecode.swift; path = ViewController.swift; sourceTree = "<group>"; };
		384DC1B11A0404A300514DD4 /* Base */ = {isa = PBXFileReference; lastKnownFileType = file.storyboard; name = Base; path = Base.lproj/Main.storyboard; sourceTree = "<group>"; };
		384DC1B31A0404A300514DD4 /* Images.xcassets */ = {isa = PBXFileReference; lastKnownFileType = folder.assetcatalog; path = Images.xcassets; sourceTree = "<group>"; };
		384DC1B61A0404A300514DD4 /* Base */ = {isa = PBXFileReference; lastKnownFileType = file.xib; name = Base; path = Base.lproj/LaunchScreen.xib; sourceTree = "<group>"; };
		384DC1BC1A0404A300514DD4 /* Bag ReminderTests.xctest */ = {isa = PBXFileReference; explicitFileType = wrapper.cfbundle; includeInIndex = 0; path = "Bag ReminderTests.xctest"; sourceTree = BUILT_PRODUCTS_DIR; };
		384DC1C11A0404A400514DD4 /* Info.plist */ = {isa = PBXFileReference; lastKnownFileType = text.plist.xml; path = Info.plist; sourceTree = "<group>"; };
		384DC1C21A0404A400514DD4 /* Bag_ReminderTests.swift */ = {isa = PBXFileReference; lastKnownFileType = sourcecode.swift; path = Bag_ReminderTests.swift; sourceTree = "<group>"; };
		384DC1CC1A04054600514DD4 /* MapKit.framework */ = {isa = PBXFileReference; lastKnownFileType = wrapper.framework; name = MapKit.framework; path = System/Library/Frameworks/MapKit.framework; sourceTree = SDKROOT; };
/* End PBXFileReference section */

/* Begin PBXFrameworksBuildPhase section */
		384DC1A41A0404A300514DD4 /* Frameworks */ = {
			isa = PBXFrameworksBuildPhase;
			buildActionMask = 2147483647;
			files = (
				384DC1CD1A04054600514DD4 /* MapKit.framework in Frameworks */,
			);
			runOnlyForDeploymentPostprocessing = 0;
		};
		384DC1B91A0404A300514DD4 /* Frameworks */ = {
			isa = PBXFrameworksBuildPhase;
			buildActionMask = 2147483647;
			files = (
			);
			runOnlyForDeploymentPostprocessing = 0;
		};
/* End PBXFrameworksBuildPhase section */

/* Begin PBXGroup section */
		384DC19E1A0404A300514DD4 = {
			isa = PBXGroup;
			children = (
				384DC1CC1A04054600514DD4 /* MapKit.framework */,
				384DC1A91A0404A300514DD4 /* Bag Reminder */,
				384DC1BF1A0404A300514DD4 /* Bag ReminderTests */,
				384DC1A81A0404A300514DD4 /* Products */,
			);
			sourceTree = "<group>";
		};
		384DC1A81A0404A300514DD4 /* Products */ = {
			isa = PBXGroup;
			children = (
				384DC1A71A0404A300514DD4 /* Bag Reminder.app */,
				384DC1BC1A0404A300514DD4 /* Bag ReminderTests.xctest */,
			);
			name = Products;
			sourceTree = "<group>";
		};
		384DC1A91A0404A300514DD4 /* Bag Reminder */ = {
			isa = PBXGroup;
			children = (
				384DC1AC1A0404A300514DD4 /* AppDelegate.swift */,
				384DC1AE1A0404A300514DD4 /* ViewController.swift */,
				384DC1B01A0404A300514DD4 /* Main.storyboard */,
				384DC1B31A0404A300514DD4 /* Images.xcassets */,
				384DC1B51A0404A300514DD4 /* LaunchScreen.xib */,
				384DC1AA1A0404A300514DD4 /* Supporting Files */,
			);
			path = "Bag Reminder";
			sourceTree = "<group>";
		};
		384DC1AA1A0404A300514DD4 /* Supporting Files */ = {
			isa = PBXGroup;
			children = (
				384DC1AB1A0404A300514DD4 /* Info.plist */,
			);
			name = "Supporting Files";
			sourceTree = "<group>";
		};
		384DC1BF1A0404A300514DD4 /* Bag ReminderTests */ = {
			isa = PBXGroup;
			children = (
				384DC1C21A0404A400514DD4 /* Bag_ReminderTests.swift */,
				384DC1C01A0404A400514DD4 /* Supporting Files */,
			);
			path = "Bag ReminderTests";
			sourceTree = "<group>";
		};
		384DC1C01A0404A400514DD4 /* Supporting Files */ = {
			isa = PBXGroup;
			children = (
				384DC1C11A0404A400514DD4 /* Info.plist */,
			);
			name = "Supporting Files";
			sourceTree = "<group>";
		};
/* End PBXGroup section */

/* Begin PBXNativeTarget section */
		384DC1A61A0404A300514DD4 /* Bag Reminder */ = {
			isa = PBXNativeTarget;
			buildConfigurationList = 384DC1C61A0404A400514DD4 /* Build configuration list for PBXNativeTarget "Bag Reminder" */;
			buildPhases = (
				384DC1A31A0404A300514DD4 /* Sources */,
				384DC1A41A0404A300514DD4 /* Frameworks */,
				384DC1A51A0404A300514DD4 /* Resources */,
			);
			buildRules = (
			);
			dependencies = (
			);
			name = "Bag Reminder";
			productName = "Bag Reminder";
			productReference = 384DC1A71A0404A300514DD4 /* Bag Reminder.app */;
			productType = "com.apple.product-type.application";
		};
		384DC1BB1A0404A300514DD4 /* Bag ReminderTests */ = {
			isa = PBXNativeTarget;
			buildConfigurationList = 384DC1C91A0404A400514DD4 /* Build configuration list for PBXNativeTarget "Bag ReminderTests" */;
			buildPhases = (
				384DC1B81A0404A300514DD4 /* Sources */,
				384DC1B91A0404A300514DD4 /* Frameworks */,
				384DC1BA1A0404A300514DD4 /* Resources */,
			);
			buildRules = (
			);
			dependencies = (
				384DC1BE1A0404A300514DD4 /* PBXTargetDependency */,
			);
			name = "Bag ReminderTests";
			productName = "Bag ReminderTests";
			productReference = 384DC1BC1A0404A300514DD4 /* Bag ReminderTests.xctest */;
			productType = "com.apple.product-type.bundle.unit-test";
		};
/* End PBXNativeTarget section */

/* Begin PBXProject section */
		384DC19F1A0404A300514DD4 /* Project object */ = {
			isa = PBXProject;
			attributes = {
				LastUpgradeCheck = 0610;
				ORGANIZATIONNAME = "Presidential Applicaitons";
				TargetAttributes = {
					384DC1A61A0404A300514DD4 = {
						CreatedOnToolsVersion = 6.1;
						DevelopmentTeam = 47YG5XK2QZ;
						SystemCapabilities = {
							com.apple.BackgroundModes = {
								enabled = 1;
							};
						};
					};
					384DC1BB1A0404A300514DD4 = {
						CreatedOnToolsVersion = 6.1;
						TestTargetID = 384DC1A61A0404A300514DD4;
					};
				};
			};
			buildConfigurationList = 384DC1A21A0404A300514DD4 /* Build configuration list for PBXProject "Bag Reminder" */;
			compatibilityVersion = "Xcode 3.2";
			developmentRegion = English;
			hasScannedForEncodings = 0;
			knownRegions = (
				en,
				Base,
			);
			mainGroup = 384DC19E1A0404A300514DD4;
			productRefGroup = 384DC1A81A0404A300514DD4 /* Products */;
			projectDirPath = "";
			projectRoot = "";
			targets = (
				384DC1A61A0404A300514DD4 /* Bag Reminder */,
				384DC1BB1A0404A300514DD4 /* Bag ReminderTests */,
			);
		};
/* End PBXProject section */

/* Begin PBXResourcesBuildPhase section */
		384DC1A51A0404A300514DD4 /* Resources */ = {
			isa = PBXResourcesBuildPhase;
			buildActionMask = 2147483647;
			files = (
				384DC1B21A0404A300514DD4 /* Main.storyboard in Resources */,
				384DC1B71A0404A300514DD4 /* LaunchScreen.xib in Resources */,
				384DC1B41A0404A300514DD4 /* Images.xcassets in Resources */,
			);
			runOnlyForDeploymentPostprocessing = 0;
		};
		384DC1BA1A0404A300514DD4 /* Resources */ = {
			isa = PBXResourcesBuildPhase;
			buildActionMask = 2147483647;
			files = (
			);
			runOnlyForDeploymentPostprocessing = 0;
		};
/* End PBXResourcesBuildPhase section */

/* Begin PBXSourcesBuildPhase section */
		384DC1A31A0404A300514DD4 /* Sources */ = {
			isa = PBXSourcesBuildPhase;
			buildActionMask = 2147483647;
			files = (
				384DC1AF1A0404A300514DD4 /* ViewController.swift in Sources */,
				384DC1AD1A0404A300514DD4 /* AppDelegate.swift in Sources */,
			);
			runOnlyForDeploymentPostprocessing = 0;
		};
		384DC1B81A0404A300514DD4 /* Sources */ = {
			isa = PBXSourcesBuildPhase;
			buildActionMask = 2147483647;
			files = (
				384DC1C31A0404A400514DD4 /* Bag_ReminderTests.swift in Sources */,
			);
			runOnlyForDeploymentPostprocessing = 0;
		};
/* End PBXSourcesBuildPhase section */

/* Begin PBXTargetDependency section */
		384DC1BE1A0404A300514DD4 /* PBXTargetDependency */ = {
			isa = PBXTargetDependency;
			target = 384DC1A61A0404A300514DD4 /* Bag Reminder */;
			targetProxy = 384DC1BD1A0404A300514DD4 /* PBXContainerItemProxy */;
		};
/* End PBXTargetDependency section */

/* Begin PBXVariantGroup section */
		384DC1B01A0404A300514DD4 /* Main.storyboard */ = {
			isa = PBXVariantGroup;
			children = (
				384DC1B11A0404A300514DD4 /* Base */,
			);
			name = Main.storyboard;
			sourceTree = "<group>";
		};
		384DC1B51A0404A300514DD4 /* LaunchScreen.xib */ = {
			isa = PBXVariantGroup;
			children = (
				384DC1B61A0404A300514DD4 /* Base */,
			);
			name = LaunchScreen.xib;
			sourceTree = "<group>";
		};
/* End PBXVariantGroup section */

/* Begin XCBuildConfiguration section */
		384DC1C41A0404A400514DD4 /* Debug */ = {
			isa = XCBuildConfiguration;
			buildSettings = {
				ALWAYS_SEARCH_USER_PATHS = NO;
				CLANG_CXX_LANGUAGE_STANDARD = "gnu++0x";
				CLANG_CXX_LIBRARY = "libc++";
				CLANG_ENABLE_MODULES = YES;
				CLANG_ENABLE_OBJC_ARC = YES;
				CLANG_WARN_BOOL_CONVERSION = YES;
				CLANG_WARN_CONSTANT_CONVERSION = YES;
				CLANG_WARN_DIRECT_OBJC_ISA_USAGE = YES_ERROR;
				CLANG_WARN_EMPTY_BODY = YES;
				CLANG_WARN_ENUM_CONVERSION = YES;
				CLANG_WARN_INT_CONVERSION = YES;
				CLANG_WARN_OBJC_ROOT_CLASS = YES_ERROR;
				CLANG_WARN_UNREACHABLE_CODE = YES;
				CLANG_WARN__DUPLICATE_METHOD_MATCH = YES;
				"CODE_SIGN_IDENTITY[sdk=iphoneos*]" = "iPhone Developer";
				COPY_PHASE_STRIP = NO;
				ENABLE_STRICT_OBJC_MSGSEND = YES;
				GCC_C_LANGUAGE_STANDARD = gnu99;
				GCC_DYNAMIC_NO_PIC = NO;
				GCC_OPTIMIZATION_LEVEL = 0;
				GCC_PREPROCESSOR_DEFINITIONS = (
					"DEBUG=1",
					"$(inherited)",
				);
				GCC_SYMBOLS_PRIVATE_EXTERN = NO;
				GCC_WARN_64_TO_32_BIT_CONVERSION = YES;
				GCC_WARN_ABOUT_RETURN_TYPE = YES_ERROR;
				GCC_WARN_UNDECLARED_SELECTOR = YES;
				GCC_WARN_UNINITIALIZED_AUTOS = YES_AGGRESSIVE;
				GCC_WARN_UNUSED_FUNCTION = YES;
				GCC_WARN_UNUSED_VARIABLE = YES;
				IPHONEOS_DEPLOYMENT_TARGET = 8.1;
				MTL_ENABLE_DEBUG_INFO = YES;
				ONLY_ACTIVE_ARCH = YES;
				SDKROOT = iphoneos;
				SWIFT_OPTIMIZATION_LEVEL = "-Onone";
			};
			name = Debug;
		};
		384DC1C51A0404A400514DD4 /* Release */ = {
			isa = XCBuildConfiguration;
			buildSettings = {
				ALWAYS_SEARCH_USER_PATHS = NO;
				CLANG_CXX_LANGUAGE_STANDARD = "gnu++0x";
				CLANG_CXX_LIBRARY = "libc++";
				CLANG_ENABLE_MODULES = YES;
				CLANG_ENABLE_OBJC_ARC = YES;
				CLANG_WARN_BOOL_CONVERSION = YES;
				CLANG_WARN_CONSTANT_CONVERSION = YES;
				CLANG_WARN_DIRECT_OBJC_ISA_USAGE = YES_ERROR;
				CLANG_WARN_EMPTY_BODY = YES;
				CLANG_WARN_ENUM_CONVERSION = YES;
				CLANG_WARN_INT_CONVERSION = YES;
				CLANG_WARN_OBJC_ROOT_CLASS = YES_ERROR;
				CLANG_WARN_UNREACHABLE_CODE = YES;
				CLANG_WARN__DUPLICATE_METHOD_MATCH = YES;
				"CODE_SIGN_IDENTITY[sdk=iphoneos*]" = "iPhone Developer";
				COPY_PHASE_STRIP = YES;
				ENABLE_NS_ASSERTIONS = NO;
				ENABLE_STRICT_OBJC_MSGSEND = YES;
				GCC_C_LANGUAGE_STANDARD = gnu99;
				GCC_WARN_64_TO_32_BIT_CONVERSION = YES;
				GCC_WARN_ABOUT_RETURN_TYPE = YES_ERROR;
				GCC_WARN_UNDECLARED_SELECTOR = YES;
				GCC_WARN_UNINITIALIZED_AUTOS = YES_AGGRESSIVE;
				GCC_WARN_UNUSED_FUNCTION = YES;
				GCC_WARN_UNUSED_VARIABLE = YES;
				IPHONEOS_DEPLOYMENT_TARGET = 8.1;
				MTL_ENABLE_DEBUG_INFO = NO;
				SDKROOT = iphoneos;
				VALIDATE_PRODUCT = YES;
			};
			name = Release;
		};
		384DC1C71A0404A400514DD4 /* Debug */ = {
			isa = XCBuildConfiguration;
			buildSettings = {
				ASSETCATALOG_COMPILER_APPICON_NAME = AppIcon;
				CODE_SIGN_IDENTITY = "iPhone Developer";
				"CODE_SIGN_IDENTITY[sdk=iphoneos*]" = "iPhone Developer";
				INFOPLIST_FILE = "Bag Reminder/Info.plist";
				IPHONEOS_DEPLOYMENT_TARGET = 8.0;
				LD_RUNPATH_SEARCH_PATHS = "$(inherited) @executable_path/Frameworks";
				PRODUCT_NAME = "$(TARGET_NAME)";
				PROVISIONING_PROFILE = "";
			};
			name = Debug;
		};
		384DC1C81A0404A400514DD4 /* Release */ = {
			isa = XCBuildConfiguration;
			buildSettings = {
				ASSETCATALOG_COMPILER_APPICON_NAME = AppIcon;
				CODE_SIGN_IDENTITY = "iPhone Developer";
				"CODE_SIGN_IDENTITY[sdk=iphoneos*]" = "iPhone Developer";
				INFOPLIST_FILE = "Bag Reminder/Info.plist";
				IPHONEOS_DEPLOYMENT_TARGET = 8.0;
				LD_RUNPATH_SEARCH_PATHS = "$(inherited) @executable_path/Frameworks";
				PRODUCT_NAME = "$(TARGET_NAME)";
				PROVISIONING_PROFILE = "";
			};
			name = Release;
		};
		384DC1CA1A0404A400514DD4 /* Debug */ = {
			isa = XCBuildConfiguration;
			buildSettings = {
				BUNDLE_LOADER = "$(TEST_HOST)";
				FRAMEWORK_SEARCH_PATHS = (
					"$(SDKROOT)/Developer/Library/Frameworks",
					"$(inherited)",
				);
				GCC_PREPROCESSOR_DEFINITIONS = (
					"DEBUG=1",
					"$(inherited)",
				);
				INFOPLIST_FILE = "Bag ReminderTests/Info.plist";
				LD_RUNPATH_SEARCH_PATHS = "$(inherited) @executable_path/Frameworks @loader_path/Frameworks";
				PRODUCT_NAME = "$(TARGET_NAME)";
				TEST_HOST = "$(BUILT_PRODUCTS_DIR)/Bag Reminder.app/Bag Reminder";
			};
			name = Debug;
		};
		384DC1CB1A0404A400514DD4 /* Release */ = {
			isa = XCBuildConfiguration;
			buildSettings = {
				BUNDLE_LOADER = "$(TEST_HOST)";
				FRAMEWORK_SEARCH_PATHS = (
					"$(SDKROOT)/Developer/Library/Frameworks",
					"$(inherited)",
				);
				INFOPLIST_FILE = "Bag ReminderTests/Info.plist";
				LD_RUNPATH_SEARCH_PATHS = "$(inherited) @executable_path/Frameworks @loader_path/Frameworks";
				PRODUCT_NAME = "$(TARGET_NAME)";
				TEST_HOST = "$(BUILT_PRODUCTS_DIR)/Bag Reminder.app/Bag Reminder";
			};
			name = Release;
		};
/* End XCBuildConfiguration section */

/* Begin XCConfigurationList section */
		384DC1A21A0404A300514DD4 /* Build configuration list for PBXProject "Bag Reminder" */ = {
			isa = XCConfigurationList;
			buildConfigurations = (
				384DC1C41A0404A400514DD4 /* Debug */,
				384DC1C51A0404A400514DD4 /* Release */,
			);
			defaultConfigurationIsVisible = 0;
			defaultConfigurationName = Release;
		};
		384DC1C61A0404A400514DD4 /* Build configuration list for PBXNativeTarget "Bag Reminder" */ = {
			isa = XCConfigurationList;
			buildConfigurations = (
				384DC1C71A0404A400514DD4 /* Debug */,
				384DC1C81A0404A400514DD4 /* Release */,
			);
			defaultConfigurationIsVisible = 0;
			defaultConfigurationName = Release;
		};
		384DC1C91A0404A400514DD4 /* Build configuration list for PBXNativeTarget "Bag ReminderTests" */ = {
			isa = XCConfigurationList;
			buildConfigurations = (
				384DC1CA1A0404A400514DD4 /* Debug */,
				384DC1CB1A0404A400514DD4 /* Release */,
			);
			defaultConfigurationIsVisible = 0;
			defaultConfigurationName = Release;
		};
/* End XCConfigurationList section */
	};
	rootObject = 384DC19F1A0404A300514DD4 /* Project object */;
}
